// !$*UTF8*$!
{
	archiveVersion = 1;
	classes = {
	};
	objectVersion = 56;
	objects = {

/* Begin PBXBuildFile section */
		111111111111111111111111 /* DeleteNotesLoadingView.swift in Sources */ = {isa = PBXBuildFile; fileRef = 222222222222222222222222 /* DeleteNotesLoadingView.swift */; };
		123456789012345678901234 /* PromoCodeManager.swift in Sources */ = {isa = PBXBuildFile; fileRef = 234567890123456789012345 /* PromoCodeManager.swift */; };
		333333333333333333333333 /* Config.swift in Sources */ = {isa = PBXBuildFile; fileRef = 444444444444444444444444 /* Config.swift */; };
		346345317236465393090244 /* AutoFixWorkflowView.swift in Sources */ = {isa = PBXBuildFile; fileRef = 434025501223443399045143 /* AutoFixWorkflowView.swift */; };
		420E5C412EF55E43003293FD /* TelemetryClient in Frameworks */ = {isa = PBXBuildFile; productRef = 420E5C402EF55E43003293FD /* TelemetryClient */; };
		420E5C432EF55E43003293FD /* TelemetryDeck in Frameworks */ = {isa = PBXBuildFile; productRef = 420E5C422EF55E43003293FD /* TelemetryDeck */; };
		425035A42ED5ADB20064014E /* RevenueCat in Frameworks */ = {isa = PBXBuildFile; productRef = 425035A32ED5ADB20064014E /* RevenueCat */; };
		4283B2352ED25B5E00093E2D /* ShortcutSetupView.swift in Sources */ = {isa = PBXBuildFile; fileRef = 4283B2322ED25B5E00093E2D /* ShortcutSetupView.swift */; };
		4283B2362ED25B5E00093E2D /* ShortcutSetupViewModel.swift in Sources */ = {isa = PBXBuildFile; fileRef = 4283B2332ED25B5E00093E2D /* ShortcutSetupViewModel.swift */; };
		4283B2372ED25B5E00093E2D /* ShortcutVerificationService.swift in Sources */ = {isa = PBXBuildFile; fileRef = 4283B2342ED25B5E00093E2D /* ShortcutVerificationService.swift */; };
		4283B2382ED25B5E00093E2D /* PIPVideoPlayer.swift in Sources */ = {isa = PBXBuildFile; fileRef = 4283B2312ED25B5E00093E2D /* PIPVideoPlayer.swift */; };
		42D731FA2F200D670020F9D6 /* notewall-pip-vid.mp4 in Resources */ = {isa = PBXBuildFile; fileRef = 42D731F92F200D670020F9D6 /* notewall-pip-vid.mp4 */; };
		42DB5DEB2EC32ADB00F21F88 /* NoteWall.storekit in Resources */ = {isa = PBXBuildFile; fileRef = 42DB5DEA2EC32ADB00F21F88 /* NoteWall.storekit */; };
		42E415512EFC46BD002F695D /* WhatsNewView.swift in Sources */ = {isa = PBXBuildFile; fileRef = 42E415502EFC46BD002F695D /* WhatsNewView.swift */; };
		42E415532EFC7E7A002F695D /* GoogleService-Info.plist in Resources */ = {isa = PBXBuildFile; fileRef = 42E415522EFC7E7A002F695D /* GoogleService-Info.plist */; };
		42E415552EFC93F5002F695D /* FirebaseAnalytics in Frameworks */ = {isa = PBXBuildFile; productRef = 42E415542EFC93F5002F695D /* FirebaseAnalytics */; };
		42E415572EFC93F5002F695D /* FirebaseCore in Frameworks */ = {isa = PBXBuildFile; productRef = 42E415562EFC93F5002F695D /* FirebaseCore */; };
		486563549087408615731241 /* ExitFeedbackView.swift in Sources */ = {isa = PBXBuildFile; fileRef = 571205128022447414641365 /* ExitFeedbackView.swift */; };
		652485545120494283652512 /* QuickActionsManager.swift in Sources */ = {isa = PBXBuildFile; fileRef = 179742655116427522430919 /* QuickActionsManager.swift */; };
		777777777777777777777777 /* PromoSecurityManager.swift in Sources */ = {isa = PBXBuildFile; fileRef = 888888888888888888888888 /* PromoSecurityManager.swift */; };
		837611352366433428582121 /* AppDelegate.swift in Sources */ = {isa = PBXBuildFile; fileRef = 950124043593401227364632 /* AppDelegate.swift */; };
		874E701C5A960D9C43D2B335 /* TroubleshootingView.swift in Sources */ = {isa = PBXBuildFile; fileRef = D3F7D2FEBFCCE27BA8058728 /* TroubleshootingView.swift */; };
		887053656051426091269260 /* SceneDelegate.swift in Sources */ = {isa = PBXBuildFile; fileRef = 606640631211416417165230 /* SceneDelegate.swift */; };
		954208369699442397571273 /* FeedbackService.swift in Sources */ = {isa = PBXBuildFile; fileRef = 688891131442405819145593 /* FeedbackService.swift */; };
		999999999999999999999999 /* PromoCodePersistenceManager.swift in Sources */ = {isa = PBXBuildFile; fileRef = 101010101010101010101010 /* PromoCodePersistenceManager.swift */; };
		A1000001000000000000001 /* NoteWallApp.swift in Sources */ = {isa = PBXBuildFile; fileRef = A2000001000000000000001 /* NoteWallApp.swift */; };
		A1000002000000000000001 /* ContentView.swift in Sources */ = {isa = PBXBuildFile; fileRef = A2000002000000000000001 /* ContentView.swift */; };
		A1000003000000000000001 /* Models.swift in Sources */ = {isa = PBXBuildFile; fileRef = A2000003000000000000001 /* Models.swift */; };
		A1000004000000000000001 /* OnboardingView.swift in Sources */ = {isa = PBXBuildFile; fileRef = A2000004000000000000001 /* OnboardingView.swift */; };
		A1000005000000000000001 /* SettingsView.swift in Sources */ = {isa = PBXBuildFile; fileRef = A2000005000000000000001 /* SettingsView.swift */; };
		A1000006000000000000001 /* MainTabView.swift in Sources */ = {isa = PBXBuildFile; fileRef = A2000006000000000000001 /* MainTabView.swift */; };
		A1000007000000000000001 /* WallpaperRenderer.swift in Sources */ = {isa = PBXBuildFile; fileRef = A2000007000000000000001 /* WallpaperRenderer.swift */; };
		A1000008000000000000001 /* PhotoSaver.swift in Sources */ = {isa = PBXBuildFile; fileRef = A2000008000000000000001 /* PhotoSaver.swift */; };
		A1000009000000000000001 /* Assets.xcassets in Resources */ = {isa = PBXBuildFile; fileRef = A2000009000000000000001 /* Assets.xcassets */; };
		A1000010000000000000001 /* WallpaperUpdateLoadingView.swift in Sources */ = {isa = PBXBuildFile; fileRef = A2000011000000000000001 /* WallpaperUpdateLoadingView.swift */; };
		B1000001000000000000001 /* HomeScreenImageManager.swift in Sources */ = {isa = PBXBuildFile; fileRef = B2000001000000000000001 /* HomeScreenImageManager.swift */; };
		B1000002000000000000001 /* HomeScreenPhotoPickerView.swift in Sources */ = {isa = PBXBuildFile; fileRef = B2000002000000000000001 /* HomeScreenPhotoPickerView.swift */; };
		C1000001000000000000001 /* PaywallManager.swift in Sources */ = {isa = PBXBuildFile; fileRef = C2000001000000000000001 /* PaywallManager.swift */; };
		C1000002000000000000001 /* NotificationManager.swift in Sources */ = {isa = PBXBuildFile; fileRef = C2000002000000000000001 /* NotificationManager.swift */; };
		C1000003000000000000001 /* PaywallView.swift in Sources */ = {isa = PBXBuildFile; fileRef = C2000003000000000000001 /* PaywallView.swift */; };
		D00000000000000000000001 /* DeviceAdaptive.swift in Sources */ = {isa = PBXBuildFile; fileRef = D00000000000000000000002 /* DeviceAdaptive.swift */; };
		D10000000000000000000001 /* OnboardingEnhanced.swift in Sources */ = {isa = PBXBuildFile; fileRef = D10000000000000000000002 /* OnboardingEnhanced.swift */; };
		D1000001000000000000001 /* CrashReporter.swift in Sources */ = {isa = PBXBuildFile; fileRef = D2000001000000000000001 /* CrashReporter.swift */; };
		D20000000000000000000001 /* SuperwallPaywallView.swift in Sources */ = {isa = PBXBuildFile; fileRef = D20000000000000000000002 /* SuperwallPaywallView.swift */; };
		E00000000000000000000001 /* SuperwallUserAttributesManager.swift in Sources */ = {isa = PBXBuildFile; fileRef = E00000000000000000000002 /* SuperwallUserAttributesManager.swift */; };
		E00000000000000000000005 /* SuperwallKit in Frameworks */ = {isa = PBXBuildFile; productRef = E00000000000000000000004 /* SuperwallKit */; };
		F1000001000000000000001 /* notifications-of-permissions.mp4 in Resources */ = {isa = PBXBuildFile; fileRef = F2000001000000000000001 /* notifications-of-permissions.mp4 */; };
		FA100000000000000000001 /* FirebaseSetup.swift in Sources */ = {isa = PBXBuildFile; fileRef = FA200000000000000000001 /* FirebaseSetup.swift */; };
		FA100000000000000000002 /* AnalyticsService.swift in Sources */ = {isa = PBXBuildFile; fileRef = FA200000000000000000002 /* AnalyticsService.swift */; };
		FA100000000000000000003 /* AnalyticsEvent.swift in Sources */ = {isa = PBXBuildFile; fileRef = FA200000000000000000003 /* AnalyticsEvent.swift */; };
		FA100000000000000000004 /* AnalyticsProperty.swift in Sources */ = {isa = PBXBuildFile; fileRef = FA200000000000000000004 /* AnalyticsProperty.swift */; };
		FA100000000000000000005 /* AnalyticsViewModifiers.swift in Sources */ = {isa = PBXBuildFile; fileRef = FA200000000000000000005 /* AnalyticsViewModifiers.swift */; };
		FA100000000000000000006 /* OnboardingView+Analytics.swift in Sources */ = {isa = PBXBuildFile; fileRef = FA200000000000000000006 /* OnboardingView+Analytics.swift */; };
		G1000001000000000000001 /* welcome-video.mp4 in Resources */ = {isa = PBXBuildFile; fileRef = G2000001000000000000001 /* welcome-video.mp4 */; };
		H1000001000000000000001 /* how-to-fix-guide.mp4 in Resources */ = {isa = PBXBuildFile; fileRef = H2000001000000000000001 /* how-to-fix-guide.mp4 */; };
		I1000001000000000000000001 /* AppIconAnimationView.swift in Sources */ = {isa = PBXBuildFile; fileRef = I2000001000000000000001 /* AppIconAnimationView.swift */; };
		J1000001000000000000001 /* fix-guide-final-version.mp4 in Resources */ = {isa = PBXBuildFile; fileRef = J2000001000000000000001 /* fix-guide-final-version.mp4 */; };
		UC100000000000000000001 /* UserCountService.swift in Sources */ = {isa = PBXBuildFile; fileRef = UC200000000000000000001 /* UserCountService.swift */; };		0A0C74223922411BB0A76091 /* PrivacyInfo.xcprivacy in Resources */ = {isa = PBXBuildFile; fileRef = 9809E05ECFF24950B669E1DB /* PrivacyInfo.xcprivacy */; };

/* End PBXBuildFile section */

/* Begin PBXFileReference section */
		101010101010101010101010 /* PromoCodePersistenceManager.swift */ = {isa = PBXFileReference; lastKnownFileType = sourcecode.swift; path = PromoCodePersistenceManager.swift; sourceTree = "<group>"; };
		179742655116427522430919 /* QuickActionsManager.swift */ = {isa = PBXFileReference; lastKnownFileType = sourcecode.swift; path = QuickActionsManager.swift; sourceTree = "<group>"; };
		222222222222222222222222 /* DeleteNotesLoadingView.swift */ = {isa = PBXFileReference; lastKnownFileType = sourcecode.swift; path = DeleteNotesLoadingView.swift; sourceTree = "<group>"; };
		234567890123456789012345 /* PromoCodeManager.swift */ = {isa = PBXFileReference; lastKnownFileType = sourcecode.swift; path = PromoCodeManager.swift; sourceTree = "<group>"; };
		424B745B2EBF88C1009F134B /* NoteWall.entitlements */ = {isa = PBXFileReference; lastKnownFileType = text.plist.entitlements; path = NoteWall.entitlements; sourceTree = "<group>"; };
		4283B2312ED25B5E00093E2D /* PIPVideoPlayer.swift */ = {isa = PBXFileReference; lastKnownFileType = sourcecode.swift; path = PIPVideoPlayer.swift; sourceTree = "<group>"; };
		4283B2322ED25B5E00093E2D /* ShortcutSetupView.swift */ = {isa = PBXFileReference; lastKnownFileType = sourcecode.swift; path = ShortcutSetupView.swift; sourceTree = "<group>"; };
		4283B2332ED25B5E00093E2D /* ShortcutSetupViewModel.swift */ = {isa = PBXFileReference; lastKnownFileType = sourcecode.swift; path = ShortcutSetupViewModel.swift; sourceTree = "<group>"; };
		4283B2342ED25B5E00093E2D /* ShortcutVerificationService.swift */ = {isa = PBXFileReference; lastKnownFileType = sourcecode.swift; path = ShortcutVerificationService.swift; sourceTree = "<group>"; };
		42D731F92F200D670020F9D6 /* notewall-pip-vid.mp4 */ = {isa = PBXFileReference; lastKnownFileType = file; path = "notewall-pip-vid.mp4"; sourceTree = "<group>"; };
		42DB5DEA2EC32ADB00F21F88 /* NoteWall.storekit */ = {isa = PBXFileReference; lastKnownFileType = text; path = NoteWall.storekit; sourceTree = "<group>"; };
		42E415502EFC46BD002F695D /* WhatsNewView.swift */ = {isa = PBXFileReference; lastKnownFileType = sourcecode.swift; path = WhatsNewView.swift; sourceTree = "<group>"; };
		42E415522EFC7E7A002F695D /* GoogleService-Info.plist */ = {isa = PBXFileReference; lastKnownFileType = text.plist.xml; path = "GoogleService-Info.plist"; sourceTree = "<group>"; };
		434025501223443399045143 /* AutoFixWorkflowView.swift */ = {isa = PBXFileReference; lastKnownFileType = sourcecode.swift; path = AutoFixWorkflowView.swift; sourceTree = "<group>"; };
		444444444444444444444444 /* Config.swift */ = {isa = PBXFileReference; lastKnownFileType = sourcecode.swift; path = Config.swift; sourceTree = "<group>"; };
		571205128022447414641365 /* ExitFeedbackView.swift */ = {isa = PBXFileReference; lastKnownFileType = sourcecode.swift; path = ExitFeedbackView.swift; sourceTree = "<group>"; };
		606640631211416417165230 /* SceneDelegate.swift */ = {isa = PBXFileReference; lastKnownFileType = sourcecode.swift; path = SceneDelegate.swift; sourceTree = "<group>"; };
		688891131442405819145593 /* FeedbackService.swift */ = {isa = PBXFileReference; lastKnownFileType = sourcecode.swift; path = FeedbackService.swift; sourceTree = "<group>"; };
		888888888888888888888888 /* PromoSecurityManager.swift */ = {isa = PBXFileReference; lastKnownFileType = sourcecode.swift; path = PromoSecurityManager.swift; sourceTree = "<group>"; };
		950124043593401227364632 /* AppDelegate.swift */ = {isa = PBXFileReference; lastKnownFileType = sourcecode.swift; path = AppDelegate.swift; sourceTree = "<group>"; };
		A2000001000000000000001 /* NoteWallApp.swift */ = {isa = PBXFileReference; lastKnownFileType = sourcecode.swift; path = NoteWallApp.swift; sourceTree = "<group>"; };
		A2000002000000000000001 /* ContentView.swift */ = {isa = PBXFileReference; lastKnownFileType = sourcecode.swift; path = ContentView.swift; sourceTree = "<group>"; };
		A2000003000000000000001 /* Models.swift */ = {isa = PBXFileReference; lastKnownFileType = sourcecode.swift; path = Models.swift; sourceTree = "<group>"; };
		A2000004000000000000001 /* OnboardingView.swift */ = {isa = PBXFileReference; lastKnownFileType = sourcecode.swift; path = OnboardingView.swift; sourceTree = "<group>"; };
		A2000005000000000000001 /* SettingsView.swift */ = {isa = PBXFileReference; lastKnownFileType = sourcecode.swift; path = SettingsView.swift; sourceTree = "<group>"; };
		A2000006000000000000001 /* MainTabView.swift */ = {isa = PBXFileReference; lastKnownFileType = sourcecode.swift; path = MainTabView.swift; sourceTree = "<group>"; };
		A2000007000000000000001 /* WallpaperRenderer.swift */ = {isa = PBXFileReference; lastKnownFileType = sourcecode.swift; path = WallpaperRenderer.swift; sourceTree = "<group>"; };
		A2000008000000000000001 /* PhotoSaver.swift */ = {isa = PBXFileReference; lastKnownFileType = sourcecode.swift; path = PhotoSaver.swift; sourceTree = "<group>"; };
		A2000009000000000000001 /* Assets.xcassets */ = {isa = PBXFileReference; lastKnownFileType = folder.assetcatalog; path = Assets.xcassets; sourceTree = "<group>"; };
		A2000010000000000000001 /* Info.plist */ = {isa = PBXFileReference; lastKnownFileType = text.plist.xml; path = Info.plist; sourceTree = "<group>"; };
		A2000011000000000000001 /* WallpaperUpdateLoadingView.swift */ = {isa = PBXFileReference; lastKnownFileType = sourcecode.swift; path = WallpaperUpdateLoadingView.swift; sourceTree = "<group>"; };
		A3000001000000000000001 /* NoteWall.app */ = {isa = PBXFileReference; explicitFileType = wrapper.application; includeInIndex = 0; path = NoteWall.app; sourceTree = BUILT_PRODUCTS_DIR; };
		B2000001000000000000001 /* HomeScreenImageManager.swift */ = {isa = PBXFileReference; lastKnownFileType = sourcecode.swift; path = HomeScreenImageManager.swift; sourceTree = "<group>"; };
		B2000002000000000000001 /* HomeScreenPhotoPickerView.swift */ = {isa = PBXFileReference; lastKnownFileType = sourcecode.swift; path = HomeScreenPhotoPickerView.swift; sourceTree = "<group>"; };
		C2000001000000000000001 /* PaywallManager.swift */ = {isa = PBXFileReference; lastKnownFileType = sourcecode.swift; path = PaywallManager.swift; sourceTree = "<group>"; };
		C2000002000000000000001 /* NotificationManager.swift */ = {isa = PBXFileReference; lastKnownFileType = sourcecode.swift; path = NotificationManager.swift; sourceTree = "<group>"; };
		C2000003000000000000001 /* PaywallView.swift */ = {isa = PBXFileReference; lastKnownFileType = sourcecode.swift; path = PaywallView.swift; sourceTree = "<group>"; };
		D00000000000000000000002 /* DeviceAdaptive.swift */ = {isa = PBXFileReference; lastKnownFileType = sourcecode.swift; path = DeviceAdaptive.swift; sourceTree = "<group>"; };
		D10000000000000000000002 /* OnboardingEnhanced.swift */ = {isa = PBXFileReference; lastKnownFileType = sourcecode.swift; path = OnboardingEnhanced.swift; sourceTree = "<group>"; };
		D20000000000000000000002 /* SuperwallPaywallView.swift */ = {isa = PBXFileReference; lastKnownFileType = sourcecode.swift; path = SuperwallPaywallView.swift; sourceTree = "<group>"; };
		D2000001000000000000001 /* CrashReporter.swift */ = {isa = PBXFileReference; lastKnownFileType = sourcecode.swift; path = CrashReporter.swift; sourceTree = "<group>"; };
		D3F7D2FEBFCCE27BA8058728 /* TroubleshootingView.swift */ = {isa = PBXFileReference; lastKnownFileType = sourcecode.swift; path = TroubleshootingView.swift; sourceTree = "<group>"; };
		E00000000000000000000002 /* SuperwallUserAttributesManager.swift */ = {isa = PBXFileReference; lastKnownFileType = sourcecode.swift; path = SuperwallUserAttributesManager.swift; sourceTree = "<group>"; };
		F2000001000000000000001 /* notifications-of-permissions.mp4 */ = {isa = PBXFileReference; lastKnownFileType = file; path = "notifications-of-permissions.mp4"; sourceTree = "<group>"; };
		FA200000000000000000001 /* FirebaseSetup.swift */ = {isa = PBXFileReference; lastKnownFileType = sourcecode.swift; path = FirebaseSetup.swift; sourceTree = "<group>"; };
		FA200000000000000000002 /* AnalyticsService.swift */ = {isa = PBXFileReference; lastKnownFileType = sourcecode.swift; path = AnalyticsService.swift; sourceTree = "<group>"; };
		FA200000000000000000003 /* AnalyticsEvent.swift */ = {isa = PBXFileReference; lastKnownFileType = sourcecode.swift; path = AnalyticsEvent.swift; sourceTree = "<group>"; };
		FA200000000000000000004 /* AnalyticsProperty.swift */ = {isa = PBXFileReference; lastKnownFileType = sourcecode.swift; path = AnalyticsProperty.swift; sourceTree = "<group>"; };
		FA200000000000000000005 /* AnalyticsViewModifiers.swift */ = {isa = PBXFileReference; lastKnownFileType = sourcecode.swift; path = AnalyticsViewModifiers.swift; sourceTree = "<group>"; };
		FA200000000000000000006 /* OnboardingView+Analytics.swift */ = {isa = PBXFileReference; lastKnownFileType = sourcecode.swift; path = "OnboardingView+Analytics.swift"; sourceTree = "<group>"; };
		G2000001000000000000001 /* welcome-video.mp4 */ = {isa = PBXFileReference; lastKnownFileType = file; path = "welcome-video.mp4"; sourceTree = "<group>"; };
		H2000001000000000000001 /* how-to-fix-guide.mp4 */ = {isa = PBXFileReference; lastKnownFileType = file; path = "how-to-fix-guide.mp4"; sourceTree = "<group>"; };
		I2000001000000000000001 /* AppIconAnimationView.swift */ = {isa = PBXFileReference; lastKnownFileType = sourcecode.swift; path = AppIconAnimationView.swift; sourceTree = "<group>"; };
		J2000001000000000000001 /* fix-guide-final-version.mp4 */ = {isa = PBXFileReference; lastKnownFileType = file; path = "fix-guide-final-version.mp4"; sourceTree = "<group>"; };
		UC200000000000000000001 /* UserCountService.swift */ = {isa = PBXFileReference; lastKnownFileType = sourcecode.swift; path = UserCountService.swift; sourceTree = "<group>"; };		9809E05ECFF24950B669E1DB /* PrivacyInfo.xcprivacy */ = {isa = PBXFileReference; lastKnownFileType = text.xml; path = PrivacyInfo.xcprivacy; sourceTree = "<group>"; };

/* End PBXFileReference section */

/* Begin PBXFrameworksBuildPhase section */
		A4000001000000000000001 /* Frameworks */ = {
			isa = PBXFrameworksBuildPhase;
			buildActionMask = 2147483647;
			files = (
				E00000000000000000000005 /* SuperwallKit in Frameworks */,
				425035A42ED5ADB20064014E /* RevenueCat in Frameworks */,
				420E5C412EF55E43003293FD /* TelemetryClient in Frameworks */,
				420E5C432EF55E43003293FD /* TelemetryDeck in Frameworks */,
				42E415552EFC93F5002F695D /* FirebaseAnalytics in Frameworks */,
				42E415572EFC93F5002F695D /* FirebaseCore in Frameworks */,
			);
			runOnlyForDeploymentPostprocessing = 0;
		};
/* End PBXFrameworksBuildPhase section */

/* Begin PBXGroup section */
		425035A22ED5ADB20064014E /* Frameworks */ = {
			isa = PBXGroup;
			children = (
			);
			name = Frameworks;
			sourceTree = "<group>";
		};
		A5000001000000000000001 = {
			isa = PBXGroup;
			children = (
				A5000002000000000000001 /* NoteWall */,
				A5000003000000000000001 /* Products */,
				F2000001000000000000001 /* notifications-of-permissions.mp4 */,
				G2000001000000000000001 /* welcome-video.mp4 */,
				H2000001000000000000001 /* how-to-fix-guide.mp4 */,
				J2000001000000000000001 /* fix-guide-final-version.mp4 */,
				425035A22ED5ADB20064014E /* Frameworks */,
			);
			sourceTree = "<group>";
		};
		A5000002000000000000001 /* NoteWall */ = {
			isa = PBXGroup;
			children = (
				42D731F92F200D670020F9D6 /* notewall-pip-vid.mp4 */,
				42E415522EFC7E7A002F695D /* GoogleService-Info.plist */,
				42E415502EFC46BD002F695D /* WhatsNewView.swift */,
				D00000000000000000000002 /* DeviceAdaptive.swift */,
				D10000000000000000000002 /* OnboardingEnhanced.swift */,
				D20000000000000000000002 /* SuperwallPaywallView.swift */,
				424B745B2EBF88C1009F134B /* NoteWall.entitlements */,
				A2000001000000000000001 /* NoteWallApp.swift */,
				A2000002000000000000001 /* ContentView.swift */,
				A2000003000000000000001 /* Models.swift */,
				A2000004000000000000001 /* OnboardingView.swift */,
				A2000005000000000000001 /* SettingsView.swift */,
				A2000006000000000000001 /* MainTabView.swift */,
				A2000007000000000000001 /* WallpaperRenderer.swift */,
				A2000008000000000000001 /* PhotoSaver.swift */,
				A2000011000000000000001 /* WallpaperUpdateLoadingView.swift */,
				B2000001000000000000001 /* HomeScreenImageManager.swift */,
				B2000002000000000000001 /* HomeScreenPhotoPickerView.swift */,
				C2000001000000000000001 /* PaywallManager.swift */,
				C2000002000000000000001 /* NotificationManager.swift */,
				C2000003000000000000001 /* PaywallView.swift */,
				D2000001000000000000001 /* CrashReporter.swift */,
				A2000009000000000000001 /* Assets.xcassets */,
				A2000010000000000000001 /* Info.plist */,
				42DB5DEA2EC32ADB00F21F88 /* NoteWall.storekit */,
				4283B2312ED25B5E00093E2D /* PIPVideoPlayer.swift */,
				4283B2322ED25B5E00093E2D /* ShortcutSetupView.swift */,
				4283B2332ED25B5E00093E2D /* ShortcutSetupViewModel.swift */,
				4283B2342ED25B5E00093E2D /* ShortcutVerificationService.swift */,
				D3F7D2FEBFCCE27BA8058728 /* TroubleshootingView.swift */,
				179742655116427522430919 /* QuickActionsManager.swift */,
				571205128022447414641365 /* ExitFeedbackView.swift */,
				434025501223443399045143 /* AutoFixWorkflowView.swift */,
				950124043593401227364632 /* AppDelegate.swift */,
				688891131442405819145593 /* FeedbackService.swift */,
				606640631211416417165230 /* SceneDelegate.swift */,
				234567890123456789012345 /* PromoCodeManager.swift */,
				222222222222222222222222 /* DeleteNotesLoadingView.swift */,
				444444444444444444444444 /* Config.swift */,
				888888888888888888888888 /* PromoSecurityManager.swift */,
				E00000000000000000000002 /* SuperwallUserAttributesManager.swift */,
				101010101010101010101010 /* PromoCodePersistenceManager.swift */,
				I2000001000000000000001 /* AppIconAnimationView.swift */,
				UC200000000000000000001 /* UserCountService.swift */,
				FA300000000000000000001 /* Analytics */,
			
				9809E05ECFF24950B669E1DB /* PrivacyInfo.xcprivacy */,);
			path = NoteWall;
			sourceTree = "<group>";
		};
		A5000003000000000000001 /* Products */ = {
			isa = PBXGroup;
			children = (
				A3000001000000000000001 /* NoteWall.app */,
			);
			name = Products;
			sourceTree = "<group>";
		};
		FA300000000000000000001 /* Analytics */ = {
			isa = PBXGroup;
			children = (
				FA200000000000000000001 /* FirebaseSetup.swift */,
				FA200000000000000000002 /* AnalyticsService.swift */,
				FA200000000000000000003 /* AnalyticsEvent.swift */,
				FA200000000000000000004 /* AnalyticsProperty.swift */,
				FA200000000000000000005 /* AnalyticsViewModifiers.swift */,
				FA200000000000000000006 /* OnboardingView+Analytics.swift */,
			);
			path = Analytics;
			sourceTree = "<group>";
		};
/* End PBXGroup section */

/* Begin PBXNativeTarget section */
		A6000001000000000000001 /* NoteWall */ = {
			isa = PBXNativeTarget;
			buildConfigurationList = A7000001000000000000001 /* Build configuration list for PBXNativeTarget "NoteWall" */;
			buildPhases = (
				A8000001000000000000001 /* Sources */,
				A4000001000000000000001 /* Frameworks */,
				A9000001000000000000001 /* Resources */,
			);
			buildRules = (
			);
			dependencies = (
			);
			name = NoteWall;
			packageProductDependencies = (
				E00000000000000000000004 /* SuperwallKit */,
				425035A32ED5ADB20064014E /* RevenueCat */,
				420E5C402EF55E43003293FD /* TelemetryClient */,
				420E5C422EF55E43003293FD /* TelemetryDeck */,
				42E415542EFC93F5002F695D /* FirebaseAnalytics */,
				42E415562EFC93F5002F695D /* FirebaseCore */,
			);
			productName = NoteWall;
			productReference = A3000001000000000000001 /* NoteWall.app */;
			productType = "com.apple.product-type.application";
		};
/* End PBXNativeTarget section */

/* Begin PBXProject section */
		A0000001000000000000001 /* Project object */ = {
			isa = PBXProject;
			attributes = {
				BuildIndependentTargetsInParallel = 1;
				LastSwiftUpdateCheck = 1500;
				LastUpgradeCheck = 2610;
				TargetAttributes = {
					A6000001000000000000001 = {
						CreatedOnToolsVersion = 15.0;
					};
				};
			};
			buildConfigurationList = A0000002000000000000001 /* Build configuration list for PBXProject "NoteWall" */;
			compatibilityVersion = "Xcode 14.0";
			developmentRegion = en;
			hasScannedForEncodings = 0;
			knownRegions = (
				en,
				Base,
			);
			mainGroup = A5000001000000000000001;
			packageReferences = (
				E00000000000000000000003 /* XCRemoteSwiftPackageReference "Superwall-iOS" */,
				425035A12ED5ACAC0064014E /* XCRemoteSwiftPackageReference "purchases-ios-spm" */,
				420E5C3F2EF55E43003293FD /* XCRemoteSwiftPackageReference "SwiftSDK" */,
				42E415542EFC93E6002F695D /* XCRemoteSwiftPackageReference "firebase-ios-sdk" */,
			);
			productRefGroup = A5000003000000000000001 /* Products */;
			projectDirPath = "";
			projectRoot = "";
			targets = (
				A6000001000000000000001 /* NoteWall */,
			);
		};
/* End PBXProject section */

/* Begin PBXResourcesBuildPhase section */
		A9000001000000000000001 /* Resources */ = {
			isa = PBXResourcesBuildPhase;
			buildActionMask = 2147483647;
			files = (
				42DB5DEB2EC32ADB00F21F88 /* NoteWall.storekit in Resources */,
				42D731FA2F200D670020F9D6 /* notewall-pip-vid.mp4 in Resources */,
				42E415532EFC7E7A002F695D /* GoogleService-Info.plist in Resources */,
				A1000009000000000000001 /* Assets.xcassets in Resources */,
				F1000001000000000000001 /* notifications-of-permissions.mp4 in Resources */,
				G1000001000000000000001 /* welcome-video.mp4 in Resources */,
				H1000001000000000000001 /* how-to-fix-guide.mp4 in Resources */,
				J1000001000000000000001 /* fix-guide-final-version.mp4 in Resources */,
			
				0A0C74223922411BB0A76091 /* PrivacyInfo.xcprivacy in Resources */,);
			runOnlyForDeploymentPostprocessing = 0;
		};
/* End PBXResourcesBuildPhase section */

/* Begin PBXSourcesBuildPhase section */
		A8000001000000000000001 /* Sources */ = {
			isa = PBXSourcesBuildPhase;
			buildActionMask = 2147483647;
			files = (
				A1000001000000000000001 /* NoteWallApp.swift in Sources */,
				A1000002000000000000001 /* ContentView.swift in Sources */,
				A1000003000000000000001 /* Models.swift in Sources */,
				D00000000000000000000001 /* DeviceAdaptive.swift in Sources */,
				D10000000000000000000001 /* OnboardingEnhanced.swift in Sources */,
				D20000000000000000000001 /* SuperwallPaywallView.swift in Sources */,
				A1000004000000000000001 /* OnboardingView.swift in Sources */,
				A1000005000000000000001 /* SettingsView.swift in Sources */,
				A1000006000000000000001 /* MainTabView.swift in Sources */,
				A1000007000000000000001 /* WallpaperRenderer.swift in Sources */,
				A1000008000000000000001 /* PhotoSaver.swift in Sources */,
				A1000010000000000000001 /* WallpaperUpdateLoadingView.swift in Sources */,
				B1000001000000000000001 /* HomeScreenImageManager.swift in Sources */,
				B1000002000000000000001 /* HomeScreenPhotoPickerView.swift in Sources */,
				C1000001000000000000001 /* PaywallManager.swift in Sources */,
				C1000002000000000000001 /* NotificationManager.swift in Sources */,
				4283B2352ED25B5E00093E2D /* ShortcutSetupView.swift in Sources */,
				4283B2362ED25B5E00093E2D /* ShortcutSetupViewModel.swift in Sources */,
				4283B2372ED25B5E00093E2D /* ShortcutVerificationService.swift in Sources */,
				4283B2382ED25B5E00093E2D /* PIPVideoPlayer.swift in Sources */,
				C1000003000000000000001 /* PaywallView.swift in Sources */,
				D1000001000000000000001 /* CrashReporter.swift in Sources */,
				874E701C5A960D9C43D2B335 /* TroubleshootingView.swift in Sources */,
				652485545120494283652512 /* QuickActionsManager.swift in Sources */,
				486563549087408615731241 /* ExitFeedbackView.swift in Sources */,
				346345317236465393090244 /* AutoFixWorkflowView.swift in Sources */,
				837611352366433428582121 /* AppDelegate.swift in Sources */,
				954208369699442397571273 /* FeedbackService.swift in Sources */,
				887053656051426091269260 /* SceneDelegate.swift in Sources */,
				123456789012345678901234 /* PromoCodeManager.swift in Sources */,
				111111111111111111111111 /* DeleteNotesLoadingView.swift in Sources */,
				333333333333333333333333 /* Config.swift in Sources */,
				777777777777777777777777 /* PromoSecurityManager.swift in Sources */,
				42E415512EFC46BD002F695D /* WhatsNewView.swift in Sources */,
				E00000000000000000000001 /* SuperwallUserAttributesManager.swift in Sources */,
				999999999999999999999999 /* PromoCodePersistenceManager.swift in Sources */,
				I1000001000000000000000001 /* AppIconAnimationView.swift in Sources */,
				UC100000000000000000001 /* UserCountService.swift in Sources */,
				FA100000000000000000001 /* FirebaseSetup.swift in Sources */,
				FA100000000000000000002 /* AnalyticsService.swift in Sources */,
				FA100000000000000000003 /* AnalyticsEvent.swift in Sources */,
				FA100000000000000000004 /* AnalyticsProperty.swift in Sources */,
				FA100000000000000000005 /* AnalyticsViewModifiers.swift in Sources */,
				FA100000000000000000006 /* OnboardingView+Analytics.swift in Sources */,
			);
			runOnlyForDeploymentPostprocessing = 0;
		};
/* End PBXSourcesBuildPhase section */

/* Begin XCBuildConfiguration section */
		A0000003000000000000001 /* Debug */ = {
			isa = XCBuildConfiguration;
			buildSettings = {
				ALWAYS_SEARCH_USER_PATHS = NO;
				ASSETCATALOG_COMPILER_GENERATE_SWIFT_ASSET_SYMBOL_EXTENSIONS = YES;
				CLANG_ANALYZER_NONNULL = YES;
				CLANG_ANALYZER_NUMBER_OBJECT_CONVERSION = YES_AGGRESSIVE;
				CLANG_CXX_LANGUAGE_STANDARD = "gnu++20";
				CLANG_ENABLE_MODULES = YES;
				CLANG_ENABLE_OBJC_ARC = YES;
				CLANG_ENABLE_OBJC_WEAK = YES;
				CLANG_WARN_BLOCK_CAPTURE_AUTORELEASING = YES;
				CLANG_WARN_BOOL_CONVERSION = YES;
				CLANG_WARN_COMMA = YES;
				CLANG_WARN_CONSTANT_CONVERSION = YES;
				CLANG_WARN_DEPRECATED_OBJC_IMPLEMENTATIONS = YES;
				CLANG_WARN_DIRECT_OBJC_ISA_USAGE = YES_ERROR;
				CLANG_WARN_DOCUMENTATION_COMMENTS = YES;
				CLANG_WARN_EMPTY_BODY = YES;
				CLANG_WARN_ENUM_CONVERSION = YES;
				CLANG_WARN_INFINITE_RECURSION = YES;
				CLANG_WARN_INT_CONVERSION = YES;
				CLANG_WARN_NON_LITERAL_NULL_CONVERSION = YES;
				CLANG_WARN_OBJC_IMPLICIT_RETAIN_SELF = YES;
				CLANG_WARN_OBJC_LITERAL_CONVERSION = YES;
				CLANG_WARN_OBJC_ROOT_CLASS = YES_ERROR;
				CLANG_WARN_QUOTED_INCLUDE_IN_FRAMEWORK_HEADER = YES;
				CLANG_WARN_RANGE_LOOP_ANALYSIS = YES;
				CLANG_WARN_STRICT_PROTOTYPES = YES;
				CLANG_WARN_SUSPICIOUS_MOVE = YES;
				CLANG_WARN_UNGUARDED_AVAILABILITY = YES_AGGRESSIVE;
				CLANG_WARN_UNREACHABLE_CODE = YES;
				CLANG_WARN__DUPLICATE_METHOD_MATCH = YES;
				COPY_PHASE_STRIP = NO;
				DEBUG_INFORMATION_FORMAT = dwarf;
				DEVELOPMENT_TEAM = 26AGTG2MU5;
				ENABLE_STRICT_OBJC_MSGSEND = YES;
				ENABLE_TESTABILITY = YES;
				ENABLE_USER_SCRIPT_SANDBOXING = NO;
				GCC_C_LANGUAGE_STANDARD = gnu17;
				GCC_DYNAMIC_NO_PIC = NO;
				GCC_NO_COMMON_BLOCKS = YES;
				GCC_OPTIMIZATION_LEVEL = 0;
				GCC_PREPROCESSOR_DEFINITIONS = (
					"DEBUG=1",
					"$(inherited)",
				);
				GCC_WARN_64_TO_32_BIT_CONVERSION = YES;
				GCC_WARN_ABOUT_RETURN_TYPE = YES_ERROR;
				GCC_WARN_UNDECLARED_SELECTOR = YES;
				GCC_WARN_UNINITIALIZED_AUTOS = YES_AGGRESSIVE;
				GCC_WARN_UNUSED_FUNCTION = YES;
				GCC_WARN_UNUSED_VARIABLE = YES;
				IPHONEOS_DEPLOYMENT_TARGET = 26.0;
				LOCALIZATION_PREFERS_STRING_CATALOGS = YES;
				MTL_ENABLE_DEBUG_INFO = INCLUDE_SOURCE;
				MTL_FAST_MATH = YES;
				ONLY_ACTIVE_ARCH = YES;
				SDKROOT = iphoneos;
				STRING_CATALOG_GENERATE_SYMBOLS = YES;
				SWIFT_ACTIVE_COMPILATION_CONDITIONS = "DEBUG $(inherited)";
				SWIFT_OPTIMIZATION_LEVEL = "-Onone";
			};
			name = Debug;
		};
		A0000004000000000000001 /* Release */ = {
			isa = XCBuildConfiguration;
			buildSettings = {
				ALWAYS_SEARCH_USER_PATHS = NO;
				ASSETCATALOG_COMPILER_GENERATE_SWIFT_ASSET_SYMBOL_EXTENSIONS = YES;
				CLANG_ANALYZER_NONNULL = YES;
				CLANG_ANALYZER_NUMBER_OBJECT_CONVERSION = YES_AGGRESSIVE;
				CLANG_CXX_LANGUAGE_STANDARD = "gnu++20";
				CLANG_ENABLE_MODULES = YES;
				CLANG_ENABLE_OBJC_ARC = YES;
				CLANG_ENABLE_OBJC_WEAK = YES;
				CLANG_WARN_BLOCK_CAPTURE_AUTORELEASING = YES;
				CLANG_WARN_BOOL_CONVERSION = YES;
				CLANG_WARN_COMMA = YES;
				CLANG_WARN_CONSTANT_CONVERSION = YES;
				CLANG_WARN_DEPRECATED_OBJC_IMPLEMENTATIONS = YES;
				CLANG_WARN_DIRECT_OBJC_ISA_USAGE = YES_ERROR;
				CLANG_WARN_DOCUMENTATION_COMMENTS = YES;
				CLANG_WARN_EMPTY_BODY = YES;
				CLANG_WARN_ENUM_CONVERSION = YES;
				CLANG_WARN_INFINITE_RECURSION = YES;
				CLANG_WARN_INT_CONVERSION = YES;
				CLANG_WARN_NON_LITERAL_NULL_CONVERSION = YES;
				CLANG_WARN_OBJC_IMPLICIT_RETAIN_SELF = YES;
				CLANG_WARN_OBJC_LITERAL_CONVERSION = YES;
				CLANG_WARN_OBJC_ROOT_CLASS = YES_ERROR;
				CLANG_WARN_QUOTED_INCLUDE_IN_FRAMEWORK_HEADER = YES;
				CLANG_WARN_RANGE_LOOP_ANALYSIS = YES;
				CLANG_WARN_STRICT_PROTOTYPES = YES;
				CLANG_WARN_SUSPICIOUS_MOVE = YES;
				CLANG_WARN_UNGUARDED_AVAILABILITY = YES_AGGRESSIVE;
				CLANG_WARN_UNREACHABLE_CODE = YES;
				CLANG_WARN__DUPLICATE_METHOD_MATCH = YES;
				COPY_PHASE_STRIP = NO;
				DEBUG_INFORMATION_FORMAT = "dwarf-with-dsym";
				DEVELOPMENT_TEAM = 26AGTG2MU5;
				ENABLE_NS_ASSERTIONS = NO;
				ENABLE_STRICT_OBJC_MSGSEND = YES;
				ENABLE_USER_SCRIPT_SANDBOXING = NO;
				GCC_C_LANGUAGE_STANDARD = gnu17;
				GCC_NO_COMMON_BLOCKS = YES;
				GCC_WARN_64_TO_32_BIT_CONVERSION = YES;
				GCC_WARN_ABOUT_RETURN_TYPE = YES_ERROR;
				GCC_WARN_UNDECLARED_SELECTOR = YES;
				GCC_WARN_UNINITIALIZED_AUTOS = YES_AGGRESSIVE;
				GCC_WARN_UNUSED_FUNCTION = YES;
				GCC_WARN_UNUSED_VARIABLE = YES;
				IPHONEOS_DEPLOYMENT_TARGET = 26.0;
				LOCALIZATION_PREFERS_STRING_CATALOGS = YES;
				MTL_ENABLE_DEBUG_INFO = NO;
				MTL_FAST_MATH = YES;
				SDKROOT = iphoneos;
				STRING_CATALOG_GENERATE_SYMBOLS = YES;
				SWIFT_COMPILATION_MODE = wholemodule;
				VALIDATE_PRODUCT = YES;
			};
			name = Release;
		};
		A7000002000000000000001 /* Debug */ = {
			isa = XCBuildConfiguration;
			buildSettings = {
				ASSETCATALOG_COMPILER_APPICON_NAME = AppIcon;
				ASSETCATALOG_COMPILER_GLOBAL_ACCENT_COLOR_NAME = AccentColor;
				ASSETCATALOG_COMPILER_INCLUDE_ALL_APPICON_ASSETS = YES;
				CODE_SIGN_ENTITLEMENTS = NoteWall/NoteWall.entitlements;
				CODE_SIGN_STYLE = Automatic;
				CURRENT_PROJECT_VERSION = 7;
				ENABLE_PREVIEWS = YES;
				GENERATE_INFOPLIST_FILE = NO;
				INFOPLIST_FILE = NoteWall/Info.plist;
				INFOPLIST_KEY_UIApplicationSceneManifest_Generation = YES;
				INFOPLIST_KEY_UIApplicationSupportsIndirectInputEvents = YES;
				INFOPLIST_KEY_UILaunchScreen_Generation = YES;
				INFOPLIST_KEY_UISupportedInterfaceOrientations = UIInterfaceOrientationPortrait;
				INFOPLIST_KEY_UISupportedInterfaceOrientations_iPad = "UIInterfaceOrientationLandscapeLeft UIInterfaceOrientationLandscapeRight UIInterfaceOrientationPortrait UIInterfaceOrientationPortraitUpsideDown";
				LD_RUNPATH_SEARCH_PATHS = (
					"$(inherited)",
					"@executable_path/Frameworks",
				);
				MARKETING_VERSION = 1.3.3;
				PRODUCT_BUNDLE_IDENTIFIER = com.app.notewall;
				PRODUCT_NAME = "$(TARGET_NAME)";
				SUPPORTED_PLATFORMS = "iphoneos iphonesimulator";
				SUPPORTS_MACCATALYST = NO;
				SUPPORTS_MAC_DESIGNED_FOR_IPHONE_IPAD = NO;
				SWIFT_EMIT_LOC_STRINGS = YES;
				SWIFT_VERSION = 5.0;
				TARGETED_DEVICE_FAMILY = 1;
			};
			name = Debug;
		};
		A7000003000000000000001 /* Release */ = {
			isa = XCBuildConfiguration;
			buildSettings = {
				ASSETCATALOG_COMPILER_APPICON_NAME = AppIcon;
				ASSETCATALOG_COMPILER_GLOBAL_ACCENT_COLOR_NAME = AccentColor;
				ASSETCATALOG_COMPILER_INCLUDE_ALL_APPICON_ASSETS = YES;
				CODE_SIGN_ENTITLEMENTS = NoteWall/NoteWall.entitlements;
				CODE_SIGN_STYLE = Automatic;
				CURRENT_PROJECT_VERSION = 7;
				ENABLE_PREVIEWS = YES;
				GENERATE_INFOPLIST_FILE = NO;
				INFOPLIST_FILE = NoteWall/Info.plist;
				INFOPLIST_KEY_UIApplicationSceneManifest_Generation = YES;
				INFOPLIST_KEY_UIApplicationSupportsIndirectInputEvents = YES;
				INFOPLIST_KEY_UILaunchScreen_Generation = YES;
				INFOPLIST_KEY_UISupportedInterfaceOrientations = UIInterfaceOrientationPortrait;
				INFOPLIST_KEY_UISupportedInterfaceOrientations_iPad = "UIInterfaceOrientationLandscapeLeft UIInterfaceOrientationLandscapeRight UIInterfaceOrientationPortrait UIInterfaceOrientationPortraitUpsideDown";
				LD_RUNPATH_SEARCH_PATHS = (
					"$(inherited)",
					"@executable_path/Frameworks",
				);
				MARKETING_VERSION = 1.3.3;
				PRODUCT_BUNDLE_IDENTIFIER = com.app.notewall;
				PRODUCT_NAME = "$(TARGET_NAME)";
				SUPPORTED_PLATFORMS = "iphoneos iphonesimulator";
				SUPPORTS_MACCATALYST = NO;
				SUPPORTS_MAC_DESIGNED_FOR_IPHONE_IPAD = NO;
				SWIFT_EMIT_LOC_STRINGS = YES;
				SWIFT_VERSION = 5.0;
				TARGETED_DEVICE_FAMILY = 1;
			};
			name = Release;
		};
/* End XCBuildConfiguration section */

/* Begin XCConfigurationList section */
		A0000002000000000000001 /* Build configuration list for PBXProject "NoteWall" */ = {
			isa = XCConfigurationList;
			buildConfigurations = (
				A0000003000000000000001 /* Debug */,
				A0000004000000000000001 /* Release */,
			);
			defaultConfigurationIsVisible = 0;
			defaultConfigurationName = Release;
		};
		A7000001000000000000001 /* Build configuration list for PBXNativeTarget "NoteWall" */ = {
			isa = XCConfigurationList;
			buildConfigurations = (
				A7000002000000000000001 /* Debug */,
				A7000003000000000000001 /* Release */,
			);
			defaultConfigurationIsVisible = 0;
			defaultConfigurationName = Release;
		};
/* End XCConfigurationList section */

/* Begin XCRemoteSwiftPackageReference section */
		420E5C3F2EF55E43003293FD /* XCRemoteSwiftPackageReference "SwiftSDK" */ = {
			isa = XCRemoteSwiftPackageReference;
			repositoryURL = "https://github.com/TelemetryDeck/SwiftSDK";
			requirement = {
				kind = upToNextMajorVersion;
				minimumVersion = 2.11.0;
			};
		};
		425035A12ED5ACAC0064014E /* XCRemoteSwiftPackageReference "purchases-ios-spm" */ = {
			isa = XCRemoteSwiftPackageReference;
			repositoryURL = "https://github.com/RevenueCat/purchases-ios-spm.git";
			requirement = {
				kind = upToNextMajorVersion;
				minimumVersion = 5.49.0;
			};
		};
		42E415542EFC93E6002F695D /* XCRemoteSwiftPackageReference "firebase-ios-sdk" */ = {
			isa = XCRemoteSwiftPackageReference;
			repositoryURL = "https://github.com/firebase/firebase-ios-sdk";
			requirement = {
				kind = upToNextMajorVersion;
				minimumVersion = 12.7.0;
			};
		};
		E00000000000000000000003 /* XCRemoteSwiftPackageReference "Superwall-iOS" */ = {
			isa = XCRemoteSwiftPackageReference;
			repositoryURL = "https://github.com/superwall/Superwall-iOS";
			requirement = {
				kind = upToNextMajorVersion;
				minimumVersion = 4.0.0;
			};
		};
/* End XCRemoteSwiftPackageReference section */

/* Begin XCSwiftPackageProductDependency section */
		420E5C402EF55E43003293FD /* TelemetryClient */ = {
			isa = XCSwiftPackageProductDependency;
			package = 420E5C3F2EF55E43003293FD /* XCRemoteSwiftPackageReference "SwiftSDK" */;
			productName = TelemetryClient;
		};
		420E5C422EF55E43003293FD /* TelemetryDeck */ = {
			isa = XCSwiftPackageProductDependency;
			package = 420E5C3F2EF55E43003293FD /* XCRemoteSwiftPackageReference "SwiftSDK" */;
			productName = TelemetryDeck;
		};
		425035A32ED5ADB20064014E /* RevenueCat */ = {
			isa = XCSwiftPackageProductDependency;
			package = 425035A12ED5ACAC0064014E /* XCRemoteSwiftPackageReference "purchases-ios-spm" */;
			productName = RevenueCat;
		};
		42E415542EFC93F5002F695D /* FirebaseAnalytics */ = {
			isa = XCSwiftPackageProductDependency;
			package = 42E415542EFC93E6002F695D /* XCRemoteSwiftPackageReference "firebase-ios-sdk" */;
			productName = FirebaseAnalytics;
		};
		42E415562EFC93F5002F695D /* FirebaseCore */ = {
			isa = XCSwiftPackageProductDependency;
			package = 42E415542EFC93E6002F695D /* XCRemoteSwiftPackageReference "firebase-ios-sdk" */;
			productName = FirebaseCore;
		};
		E00000000000000000000004 /* SuperwallKit */ = {
			isa = XCSwiftPackageProductDependency;
			package = E00000000000000000000003 /* XCRemoteSwiftPackageReference "Superwall-iOS" */;
			productName = SuperwallKit;
		};
/* End XCSwiftPackageProductDependency section */
	};
	rootObject = A0000001000000000000001 /* Project object */;
}
